
Microsoft Visual Studio Solution File, Format Version 12.00
# Visual Studio Version 16
VisualStudioVersion = 16.0.31729.503
MinimumVisualStudioVersion = 10.0.40219.1
Project("{FAE04EC0-301F-11D3-BF4B-00C04F79EFBC}") = "Teste02", "Teste02.csproj", "{8EE0A1E6-1F29-4D98-8ECB-8206825F8F13}"
EndProject
Global
	GlobalSection(SolutionConfigurationPlatforms) = preSolution
		Debug|Any CPU = Debug|Any CPU
		Release|Any CPU = Release|Any CPU
	EndGlobalSection
	GlobalSection(ProjectConfigurationPlatforms) = postSolution
		{8EE0A1E6-1F29-4D98-8ECB-8206825F8F13}.Debug|Any CPU.ActiveCfg = Debug|Any CPU
		{8EE0A1E6-1F29-4D98-8ECB-8206825F8F13}.Debug|Any CPU.Build.0 = Debug|Any CPU
		{8EE0A1E6-1F29-4D98-8ECB-8206825F8F13}.Release|Any CPU.ActiveCfg = Release|Any CPU
		{8EE0A1E6-1F29-4D98-8ECB-8206825F8F13}.Release|Any CPU.Build.0 = Release|Any CPU
	EndGlobalSection
	GlobalSection(SolutionProperties) = preSolution
		HideSolutionNode = FALSE
	EndGlobalSection
	GlobalSection(ExtensibilityGlobals) = postSolution
		SolutionGuid = {30B35589-F155-4759-B2BD-9FB2511A3D49}
	EndGlobalSection
EndGlobal
